// !$*UTF8*$!
{
	archiveVersion = 1;
	classes = {
	};
	objectVersion = 46;
	objects = {

/* Begin PBXBuildFile section */
		802B260D143A3E1FD5376F87 /* Pods_Phunware.framework in Frameworks */ = {isa = PBXBuildFile; fileRef = F7B8341C229629282EFA0312 /* Pods_Phunware.framework */; };
		B35512121E494AF100BC0A0D /* Thing.swift in Sources */ = {isa = PBXBuildFile; fileRef = B35512111E494AF100BC0A0D /* Thing.swift */; };
		B35512141E49553300BC0A0D /* ThingCell.swift in Sources */ = {isa = PBXBuildFile; fileRef = B35512131E49553300BC0A0D /* ThingCell.swift */; };
		B3DC65801E49374500970EAC /* AppDelegate.swift in Sources */ = {isa = PBXBuildFile; fileRef = B3DC657F1E49374500970EAC /* AppDelegate.swift */; };
		B3DC65821E49374500970EAC /* MainViewController.swift in Sources */ = {isa = PBXBuildFile; fileRef = B3DC65811E49374500970EAC /* MainViewController.swift */; };
		B3DC65871E49374500970EAC /* Assets.xcassets in Resources */ = {isa = PBXBuildFile; fileRef = B3DC65861E49374500970EAC /* Assets.xcassets */; };
		B3DC658A1E49374500970EAC /* LaunchScreen.storyboard in Resources */ = {isa = PBXBuildFile; fileRef = B3DC65881E49374500970EAC /* LaunchScreen.storyboard */; };
		B3DC65931E4945D900970EAC /* Phunware.swift in Sources */ = {isa = PBXBuildFile; fileRef = B3DC65921E4945D900970EAC /* Phunware.swift */; };
		BD9FE26A4A1D6B03B49154B6 /* Pods_Phunware.framework in Frameworks */ = {isa = PBXBuildFile; fileRef = E2CB7EC6992D3D0BB294A788 /* Pods_Phunware.framework */; };
/* End PBXBuildFile section */

/* Begin PBXFileReference section */
		7B1EC45E2EE0FA15A41F7D1E /* Pods-Phunware.debug.xcconfig */ = {isa = PBXFileReference; includeInIndex = 1; lastKnownFileType = text.xcconfig; name = "Pods-Phunware.debug.xcconfig"; path = "Pods/Target Support Files/Pods-Phunware/Pods-Phunware.debug.xcconfig"; sourceTree = "<group>"; };
		B35512111E494AF100BC0A0D /* Thing.swift */ = {isa = PBXFileReference; fileEncoding = 4; lastKnownFileType = sourcecode.swift; path = Thing.swift; sourceTree = "<group>"; };
		B35512131E49553300BC0A0D /* ThingCell.swift */ = {isa = PBXFileReference; fileEncoding = 4; lastKnownFileType = sourcecode.swift; path = ThingCell.swift; sourceTree = "<group>"; };
		B3DC657C1E49374500970EAC /* Phunware.app */ = {isa = PBXFileReference; explicitFileType = wrapper.application; includeInIndex = 0; path = Phunware.app; sourceTree = BUILT_PRODUCTS_DIR; };
		B3DC657F1E49374500970EAC /* AppDelegate.swift */ = {isa = PBXFileReference; lastKnownFileType = sourcecode.swift; path = AppDelegate.swift; sourceTree = "<group>"; };
		B3DC65811E49374500970EAC /* MainViewController.swift */ = {isa = PBXFileReference; lastKnownFileType = sourcecode.swift; path = MainViewController.swift; sourceTree = "<group>"; };
		B3DC65861E49374500970EAC /* Assets.xcassets */ = {isa = PBXFileReference; lastKnownFileType = folder.assetcatalog; path = Assets.xcassets; sourceTree = "<group>"; };
		B3DC65891E49374500970EAC /* Base */ = {isa = PBXFileReference; lastKnownFileType = file.storyboard; name = Base; path = Base.lproj/LaunchScreen.storyboard; sourceTree = "<group>"; };
		B3DC658B1E49374500970EAC /* Info.plist */ = {isa = PBXFileReference; lastKnownFileType = text.plist.xml; path = Info.plist; sourceTree = "<group>"; };
		B3DC65921E4945D900970EAC /* Phunware.swift */ = {isa = PBXFileReference; fileEncoding = 4; lastKnownFileType = sourcecode.swift; path = Phunware.swift; sourceTree = "<group>"; };
		B4695161739C440E0476AF94 /* Pods-Phunware.release.xcconfig */ = {isa = PBXFileReference; includeInIndex = 1; lastKnownFileType = text.xcconfig; name = "Pods-Phunware.release.xcconfig"; path = "Pods/Target Support Files/Pods-Phunware/Pods-Phunware.release.xcconfig"; sourceTree = "<group>"; };
		CD3221C4F2CC1692605ED85A /* Pods-Phunware.debug.xcconfig */ = {isa = PBXFileReference; includeInIndex = 1; lastKnownFileType = text.xcconfig; name = "Pods-Phunware.debug.xcconfig"; path = "Pods/Target Support Files/Pods-Phunware/Pods-Phunware.debug.xcconfig"; sourceTree = "<group>"; };
		E2CB7EC6992D3D0BB294A788 /* Pods_Phunware.framework */ = {isa = PBXFileReference; explicitFileType = wrapper.framework; includeInIndex = 0; path = Pods_Phunware.framework; sourceTree = BUILT_PRODUCTS_DIR; };
		F7B8341C229629282EFA0312 /* Pods_Phunware.framework */ = {isa = PBXFileReference; explicitFileType = wrapper.framework; includeInIndex = 0; path = Pods_Phunware.framework; sourceTree = BUILT_PRODUCTS_DIR; };
		FB1EB98DA19C098243D1235C /* Pods-Phunware.release.xcconfig */ = {isa = PBXFileReference; includeInIndex = 1; lastKnownFileType = text.xcconfig; name = "Pods-Phunware.release.xcconfig"; path = "Pods/Target Support Files/Pods-Phunware/Pods-Phunware.release.xcconfig"; sourceTree = "<group>"; };
/* End PBXFileReference section */

/* Begin PBXFrameworksBuildPhase section */
		B3DC65791E49374500970EAC /* Frameworks */ = {
			isa = PBXFrameworksBuildPhase;
			buildActionMask = 2147483647;
			files = (
				BD9FE26A4A1D6B03B49154B6 /* Pods_Phunware.framework in Frameworks */,
				802B260D143A3E1FD5376F87 /* Pods_Phunware.framework in Frameworks */,
			);
			runOnlyForDeploymentPostprocessing = 0;
		};
/* End PBXFrameworksBuildPhase section */

/* Begin PBXGroup section */
		4E656E2090E4C8CAC9F6D2B8 /* Frameworks */ = {
			isa = PBXGroup;
			children = (
				F7B8341C229629282EFA0312 /* Pods_Phunware.framework */,
			);
			name = Frameworks;
			sourceTree = "<group>";
		};
		A8A10E4EC7EA690D193AA576 /* Frameworks */ = {
			isa = PBXGroup;
			children = (
				E2CB7EC6992D3D0BB294A788 /* Pods_Phunware.framework */,
			);
			name = Frameworks;
			path = ..;
			sourceTree = "<group>";
		};
		B3DC65731E49374400970EAC = {
			isa = PBXGroup;
			children = (
				B3DC657E1E49374500970EAC /* Phunware */,
				B3DC65911E493C2E00970EAC /* Other */,
				E42546E2D9250C8959510BE5 /* Pods */,
				4E656E2090E4C8CAC9F6D2B8 /* Frameworks */,
			);
			sourceTree = "<group>";
		};
		B3DC657D1E49374500970EAC /* Products */ = {
			isa = PBXGroup;
			children = (
				B3DC657C1E49374500970EAC /* Phunware.app */,
			);
			name = Products;
			path = ..;
			sourceTree = "<group>";
		};
		B3DC657E1E49374500970EAC /* Phunware */ = {
			isa = PBXGroup;
			children = (
				B3DC657F1E49374500970EAC /* AppDelegate.swift */,
				B3DC65811E49374500970EAC /* MainViewController.swift */,
				B35512131E49553300BC0A0D /* ThingCell.swift */,
				B35512111E494AF100BC0A0D /* Thing.swift */,
				B3DC65921E4945D900970EAC /* Phunware.swift */,
			);
			path = Phunware;
			sourceTree = "<group>";
		};
		B3DC65911E493C2E00970EAC /* Other */ = {
			isa = PBXGroup;
			children = (
				B3DC657D1E49374500970EAC /* Products */,
				B52CE211D22AE2025452DD15 /* Pods */,
				A8A10E4EC7EA690D193AA576 /* Frameworks */,
				B3DC65861E49374500970EAC /* Assets.xcassets */,
				B3DC65881E49374500970EAC /* LaunchScreen.storyboard */,
				B3DC658B1E49374500970EAC /* Info.plist */,
			);
			name = Other;
			path = Phunware;
			sourceTree = "<group>";
		};
		B52CE211D22AE2025452DD15 /* Pods */ = {
			isa = PBXGroup;
			children = (
				CD3221C4F2CC1692605ED85A /* Pods-Phunware.debug.xcconfig */,
				B4695161739C440E0476AF94 /* Pods-Phunware.release.xcconfig */,
			);
			name = Pods;
			path = ..;
			sourceTree = "<group>";
		};
		E42546E2D9250C8959510BE5 /* Pods */ = {
			isa = PBXGroup;
			children = (
				7B1EC45E2EE0FA15A41F7D1E /* Pods-Phunware.debug.xcconfig */,
				FB1EB98DA19C098243D1235C /* Pods-Phunware.release.xcconfig */,
			);
			name = Pods;
			sourceTree = "<group>";
		};
/* End PBXGroup section */

/* Begin PBXNativeTarget section */
		B3DC657B1E49374500970EAC /* Phunware */ = {
			isa = PBXNativeTarget;
			buildConfigurationList = B3DC658E1E49374500970EAC /* Build configuration list for PBXNativeTarget "Phunware" */;
			buildPhases = (
				2A8B53751A0B6AA394018A1E /* [CP] Check Pods Manifest.lock */,
				B3DC65781E49374500970EAC /* Sources */,
				B3DC65791E49374500970EAC /* Frameworks */,
				B3DC657A1E49374500970EAC /* Resources */,
				378158BCD03968635307B4B4 /* [CP] Embed Pods Frameworks */,
				67239E78102337BD05CE54C3 /* [CP] Copy Pods Resources */,
			);
			buildRules = (
			);
			dependencies = (
			);
			name = Phunware;
			productName = Phunware;
			productReference = B3DC657C1E49374500970EAC /* Phunware.app */;
			productType = "com.apple.product-type.application";
		};
/* End PBXNativeTarget section */

/* Begin PBXProject section */
		B3DC65741E49374400970EAC /* Project object */ = {
			isa = PBXProject;
			attributes = {
				LastSwiftUpdateCheck = 0820;
				LastUpgradeCheck = 0820;
				ORGANIZATIONNAME = "Nathan Lanza";
				TargetAttributes = {
					B3DC657B1E49374500970EAC = {
						CreatedOnToolsVersion = 8.2.1;
						DevelopmentTeam = 72MNHNDUNH;
						ProvisioningStyle = Automatic;
					};
				};
			};
			buildConfigurationList = B3DC65771E49374400970EAC /* Build configuration list for PBXProject "Phunware" */;
			compatibilityVersion = "Xcode 3.2";
			developmentRegion = English;
			hasScannedForEncodings = 0;
			knownRegions = (
				en,
				Base,
			);
			mainGroup = B3DC65731E49374400970EAC;
			productRefGroup = B3DC657D1E49374500970EAC /* Products */;
			projectDirPath = "";
			projectRoot = "";
			targets = (
				B3DC657B1E49374500970EAC /* Phunware */,
			);
		};
/* End PBXProject section */

/* Begin PBXResourcesBuildPhase section */
		B3DC657A1E49374500970EAC /* Resources */ = {
			isa = PBXResourcesBuildPhase;
			buildActionMask = 2147483647;
			files = (
				B3DC658A1E49374500970EAC /* LaunchScreen.storyboard in Resources */,
				B3DC65871E49374500970EAC /* Assets.xcassets in Resources */,
			);
			runOnlyForDeploymentPostprocessing = 0;
		};
/* End PBXResourcesBuildPhase section */

/* Begin PBXShellScriptBuildPhase section */
		2A8B53751A0B6AA394018A1E /* [CP] Check Pods Manifest.lock */ = {
			isa = PBXShellScriptBuildPhase;
			buildActionMask = 2147483647;
			files = (
			);
			inputPaths = (
			);
			name = "[CP] Check Pods Manifest.lock";
			outputPaths = (
			);
			runOnlyForDeploymentPostprocessing = 0;
			shellPath = /bin/sh;
			shellScript = "diff \"${PODS_ROOT}/../Podfile.lock\" \"${PODS_ROOT}/Manifest.lock\" > /dev/null\nif [ $? != 0 ] ; then\n    # print error to STDERR\n    echo \"error: The sandbox is not in sync with the Podfile.lock. Run 'pod install' or update your CocoaPods installation.\" >&2\n    exit 1\nfi\n";
			showEnvVarsInLog = 0;
		};
		378158BCD03968635307B4B4 /* [CP] Embed Pods Frameworks */ = {
			isa = PBXShellScriptBuildPhase;
			buildActionMask = 2147483647;
			files = (
			);
			inputPaths = (
			);
			name = "[CP] Embed Pods Frameworks";
			outputPaths = (
			);
			runOnlyForDeploymentPostprocessing = 0;
			shellPath = /bin/sh;
			shellScript = "\"${SRCROOT}/Pods/Target Support Files/Pods-Phunware/Pods-Phunware-frameworks.sh\"\n";
			showEnvVarsInLog = 0;
		};
		67239E78102337BD05CE54C3 /* [CP] Copy Pods Resources */ = {
			isa = PBXShellScriptBuildPhase;
			buildActionMask = 2147483647;
			files = (
			);
			inputPaths = (
			);
			name = "[CP] Copy Pods Resources";
			outputPaths = (
			);
			runOnlyForDeploymentPostprocessing = 0;
			shellPath = /bin/sh;
			shellScript = "\"${SRCROOT}/Pods/Target Support Files/Pods-Phunware/Pods-Phunware-resources.sh\"\n";
			showEnvVarsInLog = 0;
		};
/* End PBXShellScriptBuildPhase section */

/* Begin PBXSourcesBuildPhase section */
		B3DC65781E49374500970EAC /* Sources */ = {
			isa = PBXSourcesBuildPhase;
			buildActionMask = 2147483647;
			files = (
				B35512121E494AF100BC0A0D /* Thing.swift in Sources */,
				B3DC65821E49374500970EAC /* MainViewController.swift in Sources */,
				B3DC65931E4945D900970EAC /* Phunware.swift in Sources */,
				B35512141E49553300BC0A0D /* ThingCell.swift in Sources */,
				B3DC65801E49374500970EAC /* AppDelegate.swift in Sources */,
			);
			runOnlyForDeploymentPostprocessing = 0;
		};
/* End PBXSourcesBuildPhase section */

/* Begin PBXVariantGroup section */
		B3DC65881E49374500970EAC /* LaunchScreen.storyboard */ = {
			isa = PBXVariantGroup;
			children = (
				B3DC65891E49374500970EAC /* Base */,
			);
			name = LaunchScreen.storyboard;
			sourceTree = "<group>";
		};
/* End PBXVariantGroup section */

/* Begin XCBuildConfiguration section */
		B3DC658C1E49374500970EAC /* Debug */ = {
			isa = XCBuildConfiguration;
			buildSettings = {
				ALWAYS_SEARCH_USER_PATHS = NO;
				CLANG_ANALYZER_NONNULL = YES;
				CLANG_CXX_LANGUAGE_STANDARD = "gnu++0x";
				CLANG_CXX_LIBRARY = "libc++";
				CLANG_ENABLE_MODULES = YES;
				CLANG_ENABLE_OBJC_ARC = YES;
				CLANG_WARN_BOOL_CONVERSION = YES;
				CLANG_WARN_CONSTANT_CONVERSION = YES;
				CLANG_WARN_DIRECT_OBJC_ISA_USAGE = YES_ERROR;
				CLANG_WARN_DOCUMENTATION_COMMENTS = YES;
				CLANG_WARN_EMPTY_BODY = YES;
				CLANG_WARN_ENUM_CONVERSION = YES;
				CLANG_WARN_INFINITE_RECURSION = YES;
				CLANG_WARN_INT_CONVERSION = YES;
				CLANG_WARN_OBJC_ROOT_CLASS = YES_ERROR;
				CLANG_WARN_SUSPICIOUS_MOVE = YES;
				CLANG_WARN_UNREACHABLE_CODE = YES;
				CLANG_WARN__DUPLICATE_METHOD_MATCH = YES;
				"CODE_SIGN_IDENTITY[sdk=iphoneos*]" = "iPhone Developer";
				COPY_PHASE_STRIP = NO;
				DEBUG_INFORMATION_FORMAT = dwarf;
				ENABLE_STRICT_OBJC_MSGSEND = YES;
				ENABLE_TESTABILITY = YES;
				GCC_C_LANGUAGE_STANDARD = gnu99;
				GCC_DYNAMIC_NO_PIC = NO;
				GCC_NO_COMMON_BLOCKS = YES;
				GCC_OPTIMIZATION_LEVEL = 0;
				GCC_PREPROCESSOR_DEFINITIONS = (
					"DEBUG=1",
					"$(inherited)",
				);
				GCC_WARN_64_TO_32_BIT_CONVERSION = YES;
				GCC_WARN_ABOUT_RETURN_TYPE = YES_ERROR;
				GCC_WARN_UNDECLARED_SELECTOR = YES;
				GCC_WARN_UNINITIALIZED_AUTOS = YES_AGGRESSIVE;
				GCC_WARN_UNUSED_FUNCTION = YES;
				GCC_WARN_UNUSED_VARIABLE = YES;
				IPHONEOS_DEPLOYMENT_TARGET = 10.2;
				MTL_ENABLE_DEBUG_INFO = YES;
				ONLY_ACTIVE_ARCH = YES;
				SDKROOT = iphoneos;
				SWIFT_ACTIVE_COMPILATION_CONDITIONS = DEBUG;
				SWIFT_OPTIMIZATION_LEVEL = "-Onone";
				TARGETED_DEVICE_FAMILY = "1,2";
			};
			name = Debug;
		};
		B3DC658D1E49374500970EAC /* Release */ = {
			isa = XCBuildConfiguration;
			buildSettings = {
				ALWAYS_SEARCH_USER_PATHS = NO;
				CLANG_ANALYZER_NONNULL = YES;
				CLANG_CXX_LANGUAGE_STANDARD = "gnu++0x";
				CLANG_CXX_LIBRARY = "libc++";
				CLANG_ENABLE_MODULES = YES;
				CLANG_ENABLE_OBJC_ARC = YES;
				CLANG_WARN_BOOL_CONVERSION = YES;
				CLANG_WARN_CONSTANT_CONVERSION = YES;
				CLANG_WARN_DIRECT_OBJC_ISA_USAGE = YES_ERROR;
				CLANG_WARN_DOCUMENTATION_COMMENTS = YES;
				CLANG_WARN_EMPTY_BODY = YES;
				CLANG_WARN_ENUM_CONVERSION = YES;
				CLANG_WARN_INFINITE_RECURSION = YES;
				CLANG_WARN_INT_CONVERSION = YES;
				CLANG_WARN_OBJC_ROOT_CLASS = YES_ERROR;
				CLANG_WARN_SUSPICIOUS_MOVE = YES;
				CLANG_WARN_UNREACHABLE_CODE = YES;
				CLANG_WARN__DUPLICATE_METHOD_MATCH = YES;
				"CODE_SIGN_IDENTITY[sdk=iphoneos*]" = "iPhone Developer";
				COPY_PHASE_STRIP = NO;
				DEBUG_INFORMATION_FORMAT = "dwarf-with-dsym";
				ENABLE_NS_ASSERTIONS = NO;
				ENABLE_STRICT_OBJC_MSGSEND = YES;
				GCC_C_LANGUAGE_STANDARD = gnu99;
				GCC_NO_COMMON_BLOCKS = YES;
				GCC_WARN_64_TO_32_BIT_CONVERSION = YES;
				GCC_WARN_ABOUT_RETURN_TYPE = YES_ERROR;
				GCC_WARN_UNDECLARED_SELECTOR = YES;
				GCC_WARN_UNINITIALIZED_AUTOS = YES_AGGRESSIVE;
				GCC_WARN_UNUSED_FUNCTION = YES;
				GCC_WARN_UNUSED_VARIABLE = YES;
				IPHONEOS_DEPLOYMENT_TARGET = 10.2;
				MTL_ENABLE_DEBUG_INFO = NO;
				SDKROOT = iphoneos;
				SWIFT_OPTIMIZATION_LEVEL = "-Owholemodule";
				TARGETED_DEVICE_FAMILY = "1,2";
				VALIDATE_PRODUCT = YES;
			};
			name = Release;
		};
		B3DC658F1E49374500970EAC /* Debug */ = {
			isa = XCBuildConfiguration;
			baseConfigurationReference = CD3221C4F2CC1692605ED85A /* Pods-Phunware.debug.xcconfig */;
			buildSettings = {
				ASSETCATALOG_COMPILER_APPICON_NAME = AppIcon;
				DEVELOPMENT_TEAM = 72MNHNDUNH;
				INFOPLIST_FILE = Phunware/Info.plist;
				LD_RUNPATH_SEARCH_PATHS = "$(inherited) @executable_path/Frameworks";
				PRODUCT_BUNDLE_IDENTIFIER = io.lanza.Phunware;
				PRODUCT_NAME = "$(TARGET_NAME)";
				SWIFT_VERSION = 3.0;
			};
			name = Debug;
		};
		B3DC65901E49374500970EAC /* Release */ = {
			isa = XCBuildConfiguration;
			baseConfigurationReference = B4695161739C440E0476AF94 /* Pods-Phunware.release.xcconfig */;
			buildSettings = {
				ASSETCATALOG_COMPILER_APPICON_NAME = AppIcon;
				DEVELOPMENT_TEAM = 72MNHNDUNH;
				INFOPLIST_FILE = Phunware/Info.plist;
				LD_RUNPATH_SEARCH_PATHS = "$(inherited) @executable_path/Frameworks";
				PRODUCT_BUNDLE_IDENTIFIER = io.lanza.Phunware;
				PRODUCT_NAME = "$(TARGET_NAME)";
				SWIFT_VERSION = 3.0;
			};
			name = Release;
		};
/* End XCBuildConfiguration section */

/* Begin XCConfigurationList section */
		B3DC65771E49374400970EAC /* Build configuration list for PBXProject "Phunware" */ = {
			isa = XCConfigurationList;
			buildConfigurations = (
				B3DC658C1E49374500970EAC /* Debug */,
				B3DC658D1E49374500970EAC /* Release */,
			);
			defaultConfigurationIsVisible = 0;
			defaultConfigurationName = Release;
		};
		B3DC658E1E49374500970EAC /* Build configuration list for PBXNativeTarget "Phunware" */ = {
			isa = XCConfigurationList;
			buildConfigurations = (
				B3DC658F1E49374500970EAC /* Debug */,
				B3DC65901E49374500970EAC /* Release */,
			);
			defaultConfigurationIsVisible = 0;
			defaultConfigurationName = Release;
		};
/* End XCConfigurationList section */
	};
	rootObject = B3DC65741E49374400970EAC /* Project object */;
}
